PODS:
  - OgreKit (2.1.7.1)
  - RegexKitLite (4.0)
  - Sparkle (1.8.0)
  - WFColorCode (1.1.1)

DEPENDENCIES:
  - OgreKit (from `https://github.com/coteditor/OgreKit.git`, branch `coteditor-mod`)
  - RegexKitLite
  - Sparkle
  - WFColorCode

EXTERNAL SOURCES:
  OgreKit:
    :branch: coteditor-mod
    :git: https://github.com/coteditor/OgreKit.git

SPEC CHECKSUMS:
  OgreKit: 4c23914bc813e417227a3922b25fc0bc21f91919
  RegexKitLite: c0e4c12e6e7de0769f3a3ed679f0f61604170661
  Sparkle: 5eb20bb37ca21e471dab8417dee880198d905327
  WFColorCode: bee0f69bcdd330ddfad65973a311762624b5abc1

COCOAPODS: 0.33.1
