PODS:
  - LibYAML (0.1.4)
  - OgreKit (2.1.7.5)
  - RegexKitLite (4.0)
  - Sparkle (1.8.0)
  - SWFSemanticVersion (0.2.0)
  - WFColorCode (1.1.1)
  - YAML-Framework (0.0.2):
    - LibYAML (~> 0.1.4)

DEPENDENCIES:
  - OgreKit (from `https://github.com/coteditor/OgreKit.git`, branch `coteditor-mod`)
  - RegexKitLite
  - Sparkle
  - SWFSemanticVersion
  - WFColorCode
  - YAML-Framework (from `https://github.com/coteditor/YAML.framework.git`, branch `coteditor-mod`)

EXTERNAL SOURCES:
  OgreKit:
    :branch: coteditor-mod
    :git: https://github.com/coteditor/OgreKit.git
  YAML-Framework:
    :branch: coteditor-mod
    :git: https://github.com/coteditor/YAML.framework.git

CHECKOUT OPTIONS:
  OgreKit:
    :commit: 234554ef98384bdaef11c52b0f908950e638a397
    :git: https://github.com/coteditor/OgreKit.git
  YAML-Framework:
    :commit: 5968c1764a06995c68efd03ea2702a9012a94a4b
    :git: https://github.com/coteditor/YAML.framework.git

SPEC CHECKSUMS:
  LibYAML: d447960375d9114187bfddba6e6c24d69bff11f8
  OgreKit: be72fb0d037fd41df7b0c9a79f04f3da3062757f
  RegexKitLite: c0e4c12e6e7de0769f3a3ed679f0f61604170661
  Sparkle: 5eb20bb37ca21e471dab8417dee880198d905327
  SWFSemanticVersion: b5bb8c03abb6081478fd9ad853adf74b96c2beea
  WFColorCode: bee0f69bcdd330ddfad65973a311762624b5abc1
  YAML-Framework: 8ac087fa5dad49246f5e7c0894759dacb3644dfe

COCOAPODS: 0.35.0
