{
  "object": {
    "pins": [
      {
        "package": "Sparkle",
        "repositoryURL": "https://github.com/sparkle-project/Sparkle",
        "state": {
          "branch": null,
          "revision": "ed9fa9bfed015d5e3446a966c13bcda3d4537e08",
          "version": "2.0.0-beta.3"
        }
      },
      {
        "package": "ColorCode",
        "repositoryURL": "https://github.com/1024jp/WFColorCode",
        "state": {
          "branch": null,
          "revision": "3e4ffc41a4de9ade666dff019ce881ddbc9857c8",
          "version": "2.7.0"
        }
      },
      {
        "package": "Yams",
        "repositoryURL": "https://github.com/jpsim/Yams",
        "state": {
          "branch": null,
          "revision": "9ff1cc9327586db4e0c8f46f064b6a82ec1566fa",
          "version": "4.0.6"
        }
      }
    ]
  },
  "version": 1
}
