{
  "object": {
    "pins": [
      {
        "package": "Differ",
        "repositoryURL": "https://github.com/tonyarnold/Differ",
        "state": {
          "branch": null,
          "revision": "dd5d4bfb1c27012d4790e877b29847d2ab9d989b",
          "version": "1.4.4"
        }
      },
      {
        "package": "ColorCode",
        "repositoryURL": "https://github.com/1024jp/WFColorCode.git",
        "state": {
          "branch": null,
          "revision": "925a3c44b3e7a9af47f29921466928a1f11fd8b4",
          "version": "2.6.0"
        }
      }
    ]
  },
  "version": 1
}
