{
  "object": {
    "pins": [
      {
        "package": "ColorCode",
        "repositoryURL": "https://github.com/1024jp/WFColorCode",
        "state": {
          "branch": null,
          "revision": "70ca646fed5c40e19331d48b2ba38df1f790c828",
          "version": "2.6.1"
        }
      },
      {
        "package": "Yams",
        "repositoryURL": "https://github.com/jpsim/Yams",
        "state": {
          "branch": null,
          "revision": "4ec0a3c5d6a2446667a2b22c8c7d0fc82dd1d3de",
          "version": "4.0.5"
        }
      }
    ]
  },
  "version": 1
}
