// !$*UTF8*$!
{
	archiveVersion = 1;
	classes = {
	};
	objectVersion = 77;
	objects = {

/* Begin PBXAggregateTarget section */
		2A3E847D1D07296200070A54 /* Update Help Index */ = {
			isa = PBXAggregateTarget;
			buildConfigurationList = 2A3E84801D07296200070A54 /* Build configuration list for PBXAggregateTarget "Update Help Index" */;
			buildPhases = (
				2A3E84811D07299E00070A54 /* ShellScript */,
			);
			dependencies = (
			);
			name = "Update Help Index";
			productName = "Update Help Index";
		};
/* End PBXAggregateTarget section */

/* Begin PBXBuildFile section */
		2A1380092C22E9B500093BF3 /* EditorCore in Frameworks */ = {isa = PBXBuildFile; productRef = 2A1380082C22E9B500093BF3 /* EditorCore */; };
		2AA2C6FC24399A920017D1EC /* Yams in Frameworks */ = {isa = PBXBuildFile; productRef = 2AA2C6FB24399A920017D1EC /* Yams */; };
		2ABB27D22C38268300AFCD0B /* Numerics in Frameworks */ = {isa = PBXBuildFile; productRef = 2ABB27CD2C3824DE00AFCD0B /* Numerics */; };
		2ABB27D62C382AD400AFCD0B /* MacUI in Frameworks */ = {isa = PBXBuildFile; productRef = 2ABB27D52C382AD400AFCD0B /* MacUI */; };
		2AC36B732CE86B2D0059204D /* FindPanelFieldView.storyboard in Resources */ = {isa = PBXBuildFile; fileRef = 2AC36A132CE86B2D0059204D /* FindPanelFieldView.storyboard */; };
		2AC36B752CE86B2D0059204D /* KeyBindingTreeView.storyboard in Resources */ = {isa = PBXBuildFile; fileRef = 2AC36A172CE86B2D0059204D /* KeyBindingTreeView.storyboard */; };
		2AC36B772CE86B2D0059204D /* Main.storyboard in Resources */ = {isa = PBXBuildFile; fileRef = 2AC36A1B2CE86B2D0059204D /* Main.storyboard */; };
		2AC36B792CE86B2D0059204D /* MultipleReplaceListView.storyboard in Resources */ = {isa = PBXBuildFile; fileRef = 2AC36A1F2CE86B2D0059204D /* MultipleReplaceListView.storyboard */; };
		2AC36B7B2CE86B2D0059204D /* MultipleReplaceView.storyboard in Resources */ = {isa = PBXBuildFile; fileRef = 2AC36A232CE86B2D0059204D /* MultipleReplaceView.storyboard */; };
		2AC36B7D2CE86B2D0059204D /* PrintPanelAccessory.storyboard in Resources */ = {isa = PBXBuildFile; fileRef = 2AC36A272CE86B2D0059204D /* PrintPanelAccessory.storyboard */; };
		2AC36B7F2CE86B2D0059204D /* SyntaxListView.storyboard in Resources */ = {isa = PBXBuildFile; fileRef = 2AC36A2B2CE86B2D0059204D /* SyntaxListView.storyboard */; };
		2AC36B812CE86B2D0059204D /* ThemeListView.storyboard in Resources */ = {isa = PBXBuildFile; fileRef = 2AC36A2F2CE86B2D0059204D /* ThemeListView.storyboard */; };
		2ACAAC1C2B85E74C0041B095 /* SyntaxMap in Frameworks */ = {isa = PBXBuildFile; productRef = 2ACAAC1B2B85E74C0041B095 /* SyntaxMap */; };
		2ACD02BF22A87F0400893051 /* ColorCode in Frameworks */ = {isa = PBXBuildFile; productRef = 2ACD02BE22A87F0400893051 /* ColorCode */; };
		2AE863CF2CA2E3BE00D47837 /* Sparkle in Frameworks */ = {isa = PBXBuildFile; productRef = 2AE863CE2CA2E3BE00D47837 /* Sparkle */; };
/* End PBXBuildFile section */

/* Begin PBXContainerItemProxy section */
		2AA2C6F6243996EC0017D1EC /* PBXContainerItemProxy */ = {
			isa = PBXContainerItemProxy;
			containerPortal = 2A37F4A9FDCFA73011CA2CEA /* Project object */;
			proxyType = 1;
			remoteGlobalIDString = 2A6F0D4E1B5500E100C2D03C;
			remoteInfo = CotEditor;
		};
		2AA2C6F8243996EF0017D1EC /* PBXContainerItemProxy */ = {
			isa = PBXContainerItemProxy;
			containerPortal = 2A37F4A9FDCFA73011CA2CEA /* Project object */;
			proxyType = 1;
			remoteGlobalIDString = 2A6F0D4E1B5500E100C2D03C;
			remoteInfo = CotEditor;
		};
/* End PBXContainerItemProxy section */

/* Begin PBXCopyFilesBuildPhase section */
		2A94FC7A1BE225E900B454A8 /* Copy Command-Line Tools */ = {
			isa = PBXCopyFilesBuildPhase;
			buildActionMask = 2147483647;
			dstPath = bin;
			dstSubfolderSpec = 12;
			files = (
			);
			name = "Copy Command-Line Tools";
			runOnlyForDeploymentPostprocessing = 0;
		};
/* End PBXCopyFilesBuildPhase section */

/* Begin PBXFileReference section */
		2A7380222CAD911F00E870E5 /* CotEditor.app */ = {isa = PBXFileReference; explicitFileType = wrapper.application; includeInIndex = 0; path = CotEditor.app; sourceTree = BUILT_PRODUCTS_DIR; };
		2A7380242CAD911F00E870E5 /* CotEditor.app */ = {isa = PBXFileReference; explicitFileType = wrapper.application; includeInIndex = 0; path = CotEditor.app; sourceTree = BUILT_PRODUCTS_DIR; };
		2A7380252CAD911F00E870E5 /* Tests.xctest */ = {isa = PBXFileReference; explicitFileType = wrapper.cfbundle; includeInIndex = 0; path = Tests.xctest; sourceTree = BUILT_PRODUCTS_DIR; };
		2A7380262CAD911F00E870E5 /* UI Tests.xctest */ = {isa = PBXFileReference; explicitFileType = wrapper.cfbundle; includeInIndex = 0; path = "UI Tests.xctest"; sourceTree = BUILT_PRODUCTS_DIR; };
		2AC36A122CE86B2D0059204D /* Base */ = {isa = PBXFileReference; lastKnownFileType = file.storyboard; name = Base; path = Base.lproj/FindPanelFieldView.storyboard; sourceTree = "<group>"; };
		2AC36A162CE86B2D0059204D /* Base */ = {isa = PBXFileReference; lastKnownFileType = file.storyboard; name = Base; path = Base.lproj/KeyBindingTreeView.storyboard; sourceTree = "<group>"; };
		2AC36A1A2CE86B2D0059204D /* Base */ = {isa = PBXFileReference; lastKnownFileType = file.storyboard; name = Base; path = Base.lproj/Main.storyboard; sourceTree = "<group>"; };
		2AC36A1E2CE86B2D0059204D /* Base */ = {isa = PBXFileReference; lastKnownFileType = file.storyboard; name = Base; path = Base.lproj/MultipleReplaceListView.storyboard; sourceTree = "<group>"; };
		2AC36A222CE86B2D0059204D /* Base */ = {isa = PBXFileReference; lastKnownFileType = file.storyboard; name = Base; path = Base.lproj/MultipleReplaceView.storyboard; sourceTree = "<group>"; };
		2AC36A262CE86B2D0059204D /* Base */ = {isa = PBXFileReference; lastKnownFileType = file.storyboard; name = Base; path = Base.lproj/PrintPanelAccessory.storyboard; sourceTree = "<group>"; };
		2AC36A2A2CE86B2D0059204D /* Base */ = {isa = PBXFileReference; lastKnownFileType = file.storyboard; name = Base; path = Base.lproj/SyntaxListView.storyboard; sourceTree = "<group>"; };
		2AC36A2E2CE86B2D0059204D /* Base */ = {isa = PBXFileReference; lastKnownFileType = file.storyboard; name = Base; path = Base.lproj/ThemeListView.storyboard; sourceTree = "<group>"; };
		2AC36A332CE86B2D0059204D /* CotEditor.entitlements */ = {isa = PBXFileReference; lastKnownFileType = text.plist.entitlements; path = CotEditor.entitlements; sourceTree = "<group>"; };
		2AC36A342CE86B2D0059204D /* CotEditor.storekit */ = {isa = PBXFileReference; lastKnownFileType = text; path = CotEditor.storekit; sourceTree = "<group>"; };
		2AC36A352CE86B2D0059204D /* CotEditor-AdHoc.entitlements */ = {isa = PBXFileReference; lastKnownFileType = text.plist.entitlements; path = "CotEditor-AdHoc.entitlements"; sourceTree = "<group>"; };
		2AC36A362CE86B2D0059204D /* CotEditor-Sparkle.entitlements */ = {isa = PBXFileReference; lastKnownFileType = text.plist.entitlements; path = "CotEditor-Sparkle.entitlements"; sourceTree = "<group>"; };
		2AC36A372CE86B2D0059204D /* Info.plist */ = {isa = PBXFileReference; lastKnownFileType = text.plist.xml; path = Info.plist; sourceTree = "<group>"; };
		2AC36E342CE86B540059204D /* mul */ = {isa = PBXFileReference; lastKnownFileType = text.json.xcstrings; name = mul; path = mul.lproj/MultipleReplaceView.xcstrings; sourceTree = "<group>"; };
		2AC36E352CE86B540059204D /* mul */ = {isa = PBXFileReference; lastKnownFileType = text.json.xcstrings; name = mul; path = mul.lproj/MultipleReplaceListView.xcstrings; sourceTree = "<group>"; };
		2AC36E362CE86B540059204D /* mul */ = {isa = PBXFileReference; lastKnownFileType = text.json.xcstrings; name = mul; path = mul.lproj/PrintPanelAccessory.xcstrings; sourceTree = "<group>"; };
		2AC36E372CE86B540059204D /* mul */ = {isa = PBXFileReference; lastKnownFileType = text.json.xcstrings; name = mul; path = mul.lproj/KeyBindingTreeView.xcstrings; sourceTree = "<group>"; };
		2AC36E382CE86B540059204D /* mul */ = {isa = PBXFileReference; lastKnownFileType = text.json.xcstrings; name = mul; path = mul.lproj/FindPanelFieldView.xcstrings; sourceTree = "<group>"; };
		2AC36E392CE86B550059204D /* mul */ = {isa = PBXFileReference; lastKnownFileType = text.json.xcstrings; name = mul; path = mul.lproj/ThemeListView.xcstrings; sourceTree = "<group>"; };
		2AC36E3A2CE86B550059204D /* mul */ = {isa = PBXFileReference; lastKnownFileType = text.json.xcstrings; name = mul; path = mul.lproj/Main.xcstrings; sourceTree = "<group>"; };
		2AC36E3B2CE86B550059204D /* mul */ = {isa = PBXFileReference; lastKnownFileType = text.json.xcstrings; name = mul; path = mul.lproj/SyntaxListView.xcstrings; sourceTree = "<group>"; };
		2AE4658627A5A7CE00D2904F /* CONTRIBUTING.md */ = {isa = PBXFileReference; lastKnownFileType = net.daringfireball.markdown; path = CONTRIBUTING.md; sourceTree = "<group>"; };
		2AF482D9279288CF00A86481 /* CHANGELOG.md */ = {isa = PBXFileReference; lastKnownFileType = net.daringfireball.markdown; path = CHANGELOG.md; sourceTree = "<group>"; };
		2AF482DA279288CF00A86481 /* README.md */ = {isa = PBXFileReference; lastKnownFileType = net.daringfireball.markdown; path = README.md; sourceTree = "<group>"; };
/* End PBXFileReference section */

/* Begin PBXFileSystemSynchronizedBuildFileExceptionSet section */
		2AC36E322CE86B330059204D /* Exceptions for "Resources" folder in "CotEditor" target */ = {
			isa = PBXFileSystemSynchronizedBuildFileExceptionSet;
			membershipExceptions = (
				cot,
			);
			target = 2A6F0D4E1B5500E100C2D03C /* CotEditor */;
		};
/* End PBXFileSystemSynchronizedBuildFileExceptionSet section */

/* Begin PBXFileSystemSynchronizedGroupBuildPhaseMembershipExceptionSet section */
		2AC36E332CE86B330059204D /* Exceptions for "Resources" folder in "Copy Command-Line Tools" phase from "CotEditor" target */ = {
			isa = PBXFileSystemSynchronizedGroupBuildPhaseMembershipExceptionSet;
			buildPhase = 2A94FC7A1BE225E900B454A8 /* Copy Command-Line Tools */;
			membershipExceptions = (
				cot,
			);
		};
/* End PBXFileSystemSynchronizedGroupBuildPhaseMembershipExceptionSet section */

/* Begin PBXFileSystemSynchronizedRootGroup section */
		2A1AFDC32C92990300BF2C32 /* Configurations */ = {
			isa = PBXFileSystemSynchronizedRootGroup;
			path = Configurations;
			sourceTree = "<group>";
		};
		2A7041012CA1B7AB009435BA /* Tests */ = {
			isa = PBXFileSystemSynchronizedRootGroup;
			path = Tests;
			sourceTree = "<group>";
		};
		2AC36CAE2CE86B320059204D /* Sources */ = {
			isa = PBXFileSystemSynchronizedRootGroup;
			path = Sources;
			sourceTree = "<group>";
		};
		2AC36DF42CE86B330059204D /* Resources */ = {
			isa = PBXFileSystemSynchronizedRootGroup;
			exceptions = (
				2AC36E322CE86B330059204D /* Exceptions for "Resources" folder in "CotEditor" target */,
				2AC36E332CE86B330059204D /* Exceptions for "Resources" folder in "Copy Command-Line Tools" phase from "CotEditor" target */,
			);
			explicitFileTypes = {
				cot = text.script.python;
			};
			explicitFolders = (
				Licenses,
				Syntaxes,
				Themes,
			);
			path = Resources;
			sourceTree = "<group>";
		};
		2AE44B462C9C7BD4003CB621 /* Packages */ = {
			isa = PBXFileSystemSynchronizedRootGroup;
			path = Packages;
			sourceTree = "<group>";
		};
		2AE45D322C9C8341003CB621 /* UI Tests */ = {
			isa = PBXFileSystemSynchronizedRootGroup;
			path = "UI Tests";
			sourceTree = "<group>";
		};
		2AE46EEA2C9C8B44003CB621 /* Scripts */ = {
			isa = PBXFileSystemSynchronizedRootGroup;
			path = Scripts;
			sourceTree = "<group>";
		};
/* End PBXFileSystemSynchronizedRootGroup section */

/* Begin PBXFrameworksBuildPhase section */
		2A6F0DFD1B5500E100C2D03C /* Frameworks */ = {
			isa = PBXFrameworksBuildPhase;
			buildActionMask = 2147483647;
			files = (
				2ACD02BF22A87F0400893051 /* ColorCode in Frameworks */,
				2A1380092C22E9B500093BF3 /* EditorCore in Frameworks */,
				2ABB27D62C382AD400AFCD0B /* MacUI in Frameworks */,
				2AE863CF2CA2E3BE00D47837 /* Sparkle in Frameworks */,
				2ACAAC1C2B85E74C0041B095 /* SyntaxMap in Frameworks */,
				2AA2C6FC24399A920017D1EC /* Yams in Frameworks */,
			);
			runOnlyForDeploymentPostprocessing = 0;
		};
		2ABB27CE2C38250A00AFCD0B /* Frameworks */ = {
			isa = PBXFrameworksBuildPhase;
			buildActionMask = 2147483647;
			files = (
				2ABB27D22C38268300AFCD0B /* Numerics in Frameworks */,
			);
			runOnlyForDeploymentPostprocessing = 0;
		};
/* End PBXFrameworksBuildPhase section */

/* Begin PBXGroup section */
		2A37F4AAFDCFA73011CA2CEA /* CotEditor */ = {
			isa = PBXGroup;
			children = (
				2AF482DA279288CF00A86481 /* README.md */,
				2AF482D9279288CF00A86481 /* CHANGELOG.md */,
				2AE4658627A5A7CE00D2904F /* CONTRIBUTING.md */,
				2A1AFDC32C92990300BF2C32 /* Configurations */,
				2AC36A382CE86B2D0059204D /* CotEditor */,
				2A7041012CA1B7AB009435BA /* Tests */,
				2AE45D322C9C8341003CB621 /* UI Tests */,
				2AE46EEA2C9C8B44003CB621 /* Scripts */,
				2AE44B462C9C7BD4003CB621 /* Packages */,
				2A7380232CAD911F00E870E5 /* Products */,
			);
			name = CotEditor;
			sourceTree = "<group>";
		};
		2A7380232CAD911F00E870E5 /* Products */ = {
			isa = PBXGroup;
			children = (
				2A7380222CAD911F00E870E5 /* CotEditor.app */,
				2A7380242CAD911F00E870E5 /* CotEditor.app */,
				2A7380252CAD911F00E870E5 /* Tests.xctest */,
				2A7380262CAD911F00E870E5 /* UI Tests.xctest */,
			);
			name = Products;
			sourceTree = "<group>";
		};
		2AC36A322CE86B2D0059204D /* Storyboards */ = {
			isa = PBXGroup;
			children = (
				2AC36A132CE86B2D0059204D /* FindPanelFieldView.storyboard */,
				2AC36A172CE86B2D0059204D /* KeyBindingTreeView.storyboard */,
				2AC36A1B2CE86B2D0059204D /* Main.storyboard */,
				2AC36A1F2CE86B2D0059204D /* MultipleReplaceListView.storyboard */,
				2AC36A232CE86B2D0059204D /* MultipleReplaceView.storyboard */,
				2AC36A272CE86B2D0059204D /* PrintPanelAccessory.storyboard */,
				2AC36A2B2CE86B2D0059204D /* SyntaxListView.storyboard */,
				2AC36A2F2CE86B2D0059204D /* ThemeListView.storyboard */,
			);
			path = Storyboards;
			sourceTree = "<group>";
		};
		2AC36A382CE86B2D0059204D /* CotEditor */ = {
			isa = PBXGroup;
			children = (
				2AC36CAE2CE86B320059204D /* Sources */,
				2AC36DF42CE86B330059204D /* Resources */,
				2AC36A322CE86B2D0059204D /* Storyboards */,
				2AC36A332CE86B2D0059204D /* CotEditor.entitlements */,
				2AC36A352CE86B2D0059204D /* CotEditor-AdHoc.entitlements */,
				2AC36A362CE86B2D0059204D /* CotEditor-Sparkle.entitlements */,
				2AC36A342CE86B2D0059204D /* CotEditor.storekit */,
				2AC36A372CE86B2D0059204D /* Info.plist */,
			);
			path = CotEditor;
			sourceTree = "<group>";
		};
/* End PBXGroup section */

/* Begin PBXNativeTarget section */
		2A3F18F6203270BE002F1CA7 /* UI Tests */ = {
			isa = PBXNativeTarget;
			buildConfigurationList = 2A3F18FE203270BE002F1CA7 /* Build configuration list for PBXNativeTarget "UI Tests" */;
			buildPhases = (
				2A3F18F3203270BE002F1CA7 /* Sources */,
			);
			buildRules = (
			);
			dependencies = (
				2ABB27CB2C3823AB00AFCD0B /* PBXTargetDependency */,
				2AA2C6F9243996EF0017D1EC /* PBXTargetDependency */,
			);
			fileSystemSynchronizedGroups = (
				2AE45D322C9C8341003CB621 /* UI Tests */,
			);
			name = "UI Tests";
			productName = "UI Tests";
			productReference = 2A7380262CAD911F00E870E5 /* UI Tests.xctest */;
			productType = "com.apple.product-type.bundle.ui-testing";
		};
		2A6F0D4E1B5500E100C2D03C /* CotEditor */ = {
			isa = PBXNativeTarget;
			buildConfigurationList = 2A6F0E041B5500E100C2D03C /* Build configuration list for PBXNativeTarget "CotEditor" */;
			buildPhases = (
				2A53326126799AB4000DE73D /* Build Syntax Map */,
				2A6F0DA31B5500E100C2D03C /* Sources */,
				2A6F0D541B5500E100C2D03C /* Resources */,
				2A94FC7A1BE225E900B454A8 /* Copy Command-Line Tools */,
				2A6F0DFD1B5500E100C2D03C /* Frameworks */,
			);
			buildRules = (
			);
			dependencies = (
				2AC25E3A2C9321BD000EE905 /* PBXTargetDependency */,
				2AC25E382C9321AC000EE905 /* PBXTargetDependency */,
				2AB756B12C25BBB9005E04C3 /* PBXTargetDependency */,
				2A53326326799B08000DE73D /* PBXTargetDependency */,
			);
			fileSystemSynchronizedGroups = (
				2AC36CAE2CE86B320059204D /* Sources */,
				2AC36DF42CE86B330059204D /* Resources */,
			);
			name = CotEditor;
			packageProductDependencies = (
				2ACD02BE22A87F0400893051 /* ColorCode */,
				2AA2C6FB24399A920017D1EC /* Yams */,
				2ACAAC1B2B85E74C0041B095 /* SyntaxMap */,
				2A1380082C22E9B500093BF3 /* EditorCore */,
				2ABB27D52C382AD400AFCD0B /* MacUI */,
				2AE863CE2CA2E3BE00D47837 /* Sparkle */,
			);
			productInstallPath = "$(HOME)/Applications";
			productName = CotEditor;
			productReference = 2A7380222CAD911F00E870E5 /* CotEditor.app */;
			productType = "com.apple.product-type.application";
		};
		2AC71DDE1BF0BDBC002E1434 /* Tests */ = {
			isa = PBXNativeTarget;
			buildConfigurationList = 2AC71DE81BF0BDBC002E1434 /* Build configuration list for PBXNativeTarget "Tests" */;
			buildPhases = (
				2AC71DDB1BF0BDBC002E1434 /* Sources */,
				2AC71DDD1BF0BDBC002E1434 /* Resources */,
				2ABB27CE2C38250A00AFCD0B /* Frameworks */,
			);
			buildRules = (
			);
			dependencies = (
				2AB756B52C25BC18005E04C3 /* PBXTargetDependency */,
				2AA2C6F7243996EC0017D1EC /* PBXTargetDependency */,
			);
			fileSystemSynchronizedGroups = (
				2A7041012CA1B7AB009435BA /* Tests */,
			);
			name = Tests;
			packageProductDependencies = (
				2ABB27CD2C3824DE00AFCD0B /* Numerics */,
			);
			productName = CotEditorTests;
			productReference = 2A7380252CAD911F00E870E5 /* Tests.xctest */;
			productType = "com.apple.product-type.bundle.unit-test";
		};
/* End PBXNativeTarget section */

/* Begin PBXProject section */
		2A37F4A9FDCFA73011CA2CEA /* Project object */ = {
			isa = PBXProject;
			attributes = {
				BuildIndependentTargetsInParallel = YES;
				CLASSPREFIX = "";
				LastSwiftUpdateCheck = 1240;
				LastUpgradeCheck = 1530;
				ORGANIZATIONNAME = "CotEditor Project";
				TargetAttributes = {
					2A3E847D1D07296200070A54 = {
						CreatedOnToolsVersion = 7.3.1;
					};
					2A3F18F6203270BE002F1CA7 = {
						CreatedOnToolsVersion = 9.2;
						TestTargetID = 2A6F0D4E1B5500E100C2D03C;
					};
					2A6F0D4E1B5500E100C2D03C = {
						LastSwiftMigration = 0900;
						SystemCapabilities = {
							com.apple.HardenedRuntime = {
								enabled = 1;
							};
							com.apple.Sandbox = {
								enabled = 1;
							};
							com.apple.iCloud = {
								enabled = 1;
							};
						};
					};
					2AC71DDE1BF0BDBC002E1434 = {
						CreatedOnToolsVersion = 7.1;
						LastSwiftMigration = 0900;
						TestTargetID = 2A6F0D4E1B5500E100C2D03C;
					};
				};
			};
			buildConfigurationList = 8C71D95708640EDF00C9C0BD /* Build configuration list for PBXProject "CotEditor" */;
			developmentRegion = en;
			hasScannedForEncodings = 1;
			knownRegions = (
				Base,
				en,
				"en-GB",
				ja,
				"zh-Hans",
				"zh-Hant",
				fr,
				de,
				it,
				pt,
				tr,
				es,
				cs,
				nl,
				ko,
				pl,
			);
			mainGroup = 2A37F4AAFDCFA73011CA2CEA /* CotEditor */;
			minimizedProjectReferenceProxies = 1;
			packageReferences = (
				2ACD02BB22A87CED00893051 /* XCRemoteSwiftPackageReference "WFColorCode" */,
				2AA2C6FA24399A920017D1EC /* XCRemoteSwiftPackageReference "Yams" */,
				2AAAE6E326DB82F800C5F0AC /* XCRemoteSwiftPackageReference "Sparkle" */,
				2AB756AF2C25BBA4005E04C3 /* XCRemoteSwiftPackageReference "SwiftLintPlugins" */,
				2ABB27CC2C3824DE00AFCD0B /* XCRemoteSwiftPackageReference "swift-numerics" */,
			);
			preferredProjectObjectVersion = 77;
			productRefGroup = 2A7380232CAD911F00E870E5 /* Products */;
			projectDirPath = "";
			projectRoot = "";
			targets = (
				2A6F0D4E1B5500E100C2D03C /* CotEditor */,
				2AC71DDE1BF0BDBC002E1434 /* Tests */,
				2A3F18F6203270BE002F1CA7 /* UI Tests */,
				2A3E847D1D07296200070A54 /* Update Help Index */,
			);
		};
/* End PBXProject section */

/* Begin PBXResourcesBuildPhase section */
		2A6F0D541B5500E100C2D03C /* Resources */ = {
			isa = PBXResourcesBuildPhase;
			buildActionMask = 2147483647;
			files = (
				2AC36B732CE86B2D0059204D /* FindPanelFieldView.storyboard in Resources */,
				2AC36B752CE86B2D0059204D /* KeyBindingTreeView.storyboard in Resources */,
				2AC36B772CE86B2D0059204D /* Main.storyboard in Resources */,
				2AC36B792CE86B2D0059204D /* MultipleReplaceListView.storyboard in Resources */,
				2AC36B7B2CE86B2D0059204D /* MultipleReplaceView.storyboard in Resources */,
				2AC36B7D2CE86B2D0059204D /* PrintPanelAccessory.storyboard in Resources */,
				2AC36B7F2CE86B2D0059204D /* SyntaxListView.storyboard in Resources */,
				2AC36B812CE86B2D0059204D /* ThemeListView.storyboard in Resources */,
			);
			runOnlyForDeploymentPostprocessing = 0;
		};
		2AC71DDD1BF0BDBC002E1434 /* Resources */ = {
			isa = PBXResourcesBuildPhase;
			buildActionMask = 2147483647;
			files = (
			);
			runOnlyForDeploymentPostprocessing = 0;
		};
/* End PBXResourcesBuildPhase section */

/* Begin PBXShellScriptBuildPhase section */
		2A3E84811D07299E00070A54 /* ShellScript */ = {
			isa = PBXShellScriptBuildPhase;
			alwaysOutOfDate = 1;
			buildActionMask = 2147483647;
			files = (
			);
			runOnlyForDeploymentPostprocessing = 0;
			shellPath = /bin/sh;
			shellScript = "cd Scripts\n./updateHelpindex.sh\n";
		};
		2A53326126799AB4000DE73D /* Build Syntax Map */ = {
			isa = PBXShellScriptBuildPhase;
			buildActionMask = 2147483647;
			files = (
			);
			inputPaths = (
				"$(SRCROOT)/CotEditor/Resources/Syntaxes",
			);
			name = "Build Syntax Map";
			outputPaths = (
				"$(SRCROOT)/CotEditor/Resources/SyntaxMap.json",
			);
			runOnlyForDeploymentPostprocessing = 0;
			shellPath = /bin/sh;
			shellScript = "\"$BUILT_PRODUCTS_DIR/SyntaxMapBuilder\" \"$SCRIPT_INPUT_FILE_0\" \"$SCRIPT_OUTPUT_FILE_0\"\n";
		};
/* End PBXShellScriptBuildPhase section */

/* Begin PBXSourcesBuildPhase section */
		2A3F18F3203270BE002F1CA7 /* Sources */ = {
			isa = PBXSourcesBuildPhase;
			buildActionMask = 2147483647;
			files = (
			);
			runOnlyForDeploymentPostprocessing = 0;
		};
		2A6F0DA31B5500E100C2D03C /* Sources */ = {
			isa = PBXSourcesBuildPhase;
			buildActionMask = 2147483647;
			files = (
			);
			runOnlyForDeploymentPostprocessing = 0;
		};
		2AC71DDB1BF0BDBC002E1434 /* Sources */ = {
			isa = PBXSourcesBuildPhase;
			buildActionMask = 2147483647;
			files = (
			);
			runOnlyForDeploymentPostprocessing = 0;
		};
/* End PBXSourcesBuildPhase section */

/* Begin PBXTargetDependency section */
		2A53326326799B08000DE73D /* PBXTargetDependency */ = {
			isa = PBXTargetDependency;
			productRef = 2A53326226799B08000DE73D /* SyntaxMapBuilder */;
		};
		2AA2C6F7243996EC0017D1EC /* PBXTargetDependency */ = {
			isa = PBXTargetDependency;
			target = 2A6F0D4E1B5500E100C2D03C /* CotEditor */;
			targetProxy = 2AA2C6F6243996EC0017D1EC /* PBXContainerItemProxy */;
		};
		2AA2C6F9243996EF0017D1EC /* PBXTargetDependency */ = {
			isa = PBXTargetDependency;
			target = 2A6F0D4E1B5500E100C2D03C /* CotEditor */;
			targetProxy = 2AA2C6F8243996EF0017D1EC /* PBXContainerItemProxy */;
		};
		2AB756B12C25BBB9005E04C3 /* PBXTargetDependency */ = {
			isa = PBXTargetDependency;
			productRef = 2AB756B02C25BBB9005E04C3 /* SwiftLintBuildToolPlugin */;
		};
		2AB756B52C25BC18005E04C3 /* PBXTargetDependency */ = {
			isa = PBXTargetDependency;
			productRef = 2AB756B42C25BC18005E04C3 /* SwiftLintBuildToolPlugin */;
		};
		2ABB27CB2C3823AB00AFCD0B /* PBXTargetDependency */ = {
			isa = PBXTargetDependency;
			productRef = 2ABB27CA2C3823AB00AFCD0B /* SwiftLintBuildToolPlugin */;
		};
		2AC25E382C9321AC000EE905 /* PBXTargetDependency */ = {
			isa = PBXTargetDependency;
			productRef = 2AC25E372C9321AC000EE905 /* MacUI */;
		};
		2AC25E3A2C9321BD000EE905 /* PBXTargetDependency */ = {
			isa = PBXTargetDependency;
			productRef = 2AC25E392C9321BD000EE905 /* EditorCore */;
		};
/* End PBXTargetDependency section */

/* Begin PBXVariantGroup section */
		2AC36A132CE86B2D0059204D /* FindPanelFieldView.storyboard */ = {
			isa = PBXVariantGroup;
			children = (
				2AC36A122CE86B2D0059204D /* Base */,
				2AC36E382CE86B540059204D /* mul */,
			);
			name = FindPanelFieldView.storyboard;
			sourceTree = "<group>";
		};
		2AC36A172CE86B2D0059204D /* KeyBindingTreeView.storyboard */ = {
			isa = PBXVariantGroup;
			children = (
				2AC36A162CE86B2D0059204D /* Base */,
				2AC36E372CE86B540059204D /* mul */,
			);
			name = KeyBindingTreeView.storyboard;
			sourceTree = "<group>";
		};
		2AC36A1B2CE86B2D0059204D /* Main.storyboard */ = {
			isa = PBXVariantGroup;
			children = (
				2AC36A1A2CE86B2D0059204D /* Base */,
				2AC36E3A2CE86B550059204D /* mul */,
			);
			name = Main.storyboard;
			sourceTree = "<group>";
		};
		2AC36A1F2CE86B2D0059204D /* MultipleReplaceListView.storyboard */ = {
			isa = PBXVariantGroup;
			children = (
				2AC36A1E2CE86B2D0059204D /* Base */,
				2AC36E352CE86B540059204D /* mul */,
			);
			name = MultipleReplaceListView.storyboard;
			sourceTree = "<group>";
		};
		2AC36A232CE86B2D0059204D /* MultipleReplaceView.storyboard */ = {
			isa = PBXVariantGroup;
			children = (
				2AC36A222CE86B2D0059204D /* Base */,
				2AC36E342CE86B540059204D /* mul */,
			);
			name = MultipleReplaceView.storyboard;
			sourceTree = "<group>";
		};
		2AC36A272CE86B2D0059204D /* PrintPanelAccessory.storyboard */ = {
			isa = PBXVariantGroup;
			children = (
				2AC36A262CE86B2D0059204D /* Base */,
				2AC36E362CE86B540059204D /* mul */,
			);
			name = PrintPanelAccessory.storyboard;
			sourceTree = "<group>";
		};
		2AC36A2B2CE86B2D0059204D /* SyntaxListView.storyboard */ = {
			isa = PBXVariantGroup;
			children = (
				2AC36A2A2CE86B2D0059204D /* Base */,
				2AC36E3B2CE86B550059204D /* mul */,
			);
			name = SyntaxListView.storyboard;
			sourceTree = "<group>";
		};
		2AC36A2F2CE86B2D0059204D /* ThemeListView.storyboard */ = {
			isa = PBXVariantGroup;
			children = (
				2AC36A2E2CE86B2D0059204D /* Base */,
				2AC36E392CE86B550059204D /* mul */,
			);
			name = ThemeListView.storyboard;
			sourceTree = "<group>";
		};
/* End PBXVariantGroup section */

/* Begin XCBuildConfiguration section */
		2A36F0462C931B7A00C0F3C4 /* Debug-Sparkle */ = {
			isa = XCBuildConfiguration;
			buildSettings = {
				ASSETCATALOG_COMPILER_GENERATE_SWIFT_ASSET_SYMBOL_EXTENSIONS = YES;
				CLANG_ANALYZER_LOCALIZABILITY_NONLOCALIZED = YES;
				CLANG_ENABLE_MODULES = YES;
				CLANG_ENABLE_OBJC_ARC = YES;
				CLANG_ENABLE_OBJC_WEAK = YES;
				CLANG_WARN_BLOCK_CAPTURE_AUTORELEASING = YES;
				CLANG_WARN_BOOL_CONVERSION = YES;
				CLANG_WARN_COMMA = YES;
				CLANG_WARN_CONSTANT_CONVERSION = YES;
				CLANG_WARN_DEPRECATED_OBJC_IMPLEMENTATIONS = YES;
				CLANG_WARN_DOCUMENTATION_COMMENTS = YES;
				CLANG_WARN_EMPTY_BODY = YES;
				CLANG_WARN_ENUM_CONVERSION = YES;
				CLANG_WARN_INFINITE_RECURSION = YES;
				CLANG_WARN_INT_CONVERSION = YES;
				CLANG_WARN_NON_LITERAL_NULL_CONVERSION = YES;
				CLANG_WARN_OBJC_IMPLICIT_RETAIN_SELF = YES;
				CLANG_WARN_OBJC_LITERAL_CONVERSION = YES;
				CLANG_WARN_QUOTED_INCLUDE_IN_FRAMEWORK_HEADER = YES;
				CLANG_WARN_RANGE_LOOP_ANALYSIS = YES;
				CLANG_WARN_STRICT_PROTOTYPES = YES;
				CLANG_WARN_SUSPICIOUS_MOVE = YES;
				CLANG_WARN_UNGUARDED_AVAILABILITY = YES_AGGRESSIVE;
				CLANG_WARN_UNREACHABLE_CODE = YES;
				CLANG_WARN__DUPLICATE_METHOD_MATCH = YES;
				COPY_PHASE_STRIP = NO;
				DEAD_CODE_STRIPPING = YES;
				DEBUG_INFORMATION_FORMAT = dwarf;
				ENABLE_STRICT_OBJC_MSGSEND = YES;
				ENABLE_TESTABILITY = YES;
				ENABLE_USER_SCRIPT_SANDBOXING = YES;
				GCC_C_LANGUAGE_STANDARD = gnu17;
				GCC_NO_COMMON_BLOCKS = YES;
				GCC_OPTIMIZATION_LEVEL = 0;
				GCC_WARN_64_TO_32_BIT_CONVERSION = YES;
				GCC_WARN_ABOUT_MISSING_NEWLINE = YES;
				GCC_WARN_ABOUT_RETURN_TYPE = YES_ERROR;
				GCC_WARN_UNDECLARED_SELECTOR = YES;
				GCC_WARN_UNINITIALIZED_AUTOS = YES_AGGRESSIVE;
				GCC_WARN_UNUSED_FUNCTION = YES;
				GCC_WARN_UNUSED_LABEL = YES;
				GCC_WARN_UNUSED_PARAMETER = YES;
				GCC_WARN_UNUSED_VARIABLE = YES;
				LD_RUNPATH_SEARCH_PATHS = (
					"$(inherited)",
					"@executable_path/../Frameworks",
				);
				LOCALIZATION_PREFERS_STRING_CATALOGS = YES;
				MACOSX_DEPLOYMENT_TARGET = 14.0;
				MTL_ENABLE_DEBUG_INFO = INCLUDE_SOURCE;
				MTL_FAST_MATH = YES;
				ONLY_ACTIVE_ARCH = YES;
				SDKROOT = macosx;
				SWIFT_ACTIVE_COMPILATION_CONDITIONS = DEBUG;
				SWIFT_EMIT_LOC_STRINGS = YES;
				SWIFT_OPTIMIZATION_LEVEL = "-Onone";
				SWIFT_UPCOMING_FEATURE_EXISTENTIAL_ANY = YES;
				SWIFT_VERSION = 6.0;
			};
			name = "Debug-Sparkle";
		};
		2A36F0472C931B7A00C0F3C4 /* Debug-Sparkle */ = {
			isa = XCBuildConfiguration;
			baseConfigurationReferenceAnchor = 2A1AFDC32C92990300BF2C32 /* Configurations */;
			baseConfigurationReferenceRelativePath = "CotEditor-Sparkle.xcconfig";
			buildSettings = {
				ASSETCATALOG_COMPILER_APPICON_NAME = AppIcon;
				ASSETCATALOG_COMPILER_GLOBAL_ACCENT_COLOR_NAME = "Accent Color";
				CURRENT_PROJECT_VERSION = 689;
				ENABLE_HARDENED_RUNTIME = YES;
				ENABLE_USER_SCRIPT_SANDBOXING = NO;
				INFOPLIST_FILE = CotEditor/Info.plist;
				INFOPLIST_KEY_LSApplicationCategoryType = "public.app-category.productivity";
				MARKETING_VERSION = "5.0.7-alpha";
				PRODUCT_BUNDLE_IDENTIFIER = com.coteditor.CotEditor;
				PRODUCT_NAME = CotEditor;
				SWIFT_STRICT_CONCURRENCY = complete;
				SWIFT_UPCOMING_FEATURE_CONCISE_MAGIC_FILE = YES;
				SWIFT_UPCOMING_FEATURE_DEPRECATE_APPLICATION_MAIN = YES;
				SWIFT_UPCOMING_FEATURE_DISABLE_OUTWARD_ACTOR_ISOLATION = YES;
				SWIFT_UPCOMING_FEATURE_FORWARD_TRAILING_CLOSURES = YES;
				SWIFT_UPCOMING_FEATURE_GLOBAL_CONCURRENCY = YES;
				SWIFT_UPCOMING_FEATURE_IMPLICIT_OPEN_EXISTENTIALS = YES;
				SWIFT_UPCOMING_FEATURE_IMPORT_OBJC_FORWARD_DECLS = YES;
				SWIFT_UPCOMING_FEATURE_INFER_SENDABLE_FROM_CAPTURES = YES;
				SWIFT_UPCOMING_FEATURE_ISOLATED_DEFAULT_VALUES = YES;
				SWIFT_UPCOMING_FEATURE_REGION_BASED_ISOLATION = YES;
				SWIFT_VERSION = 5.0;
			};
			name = "Debug-Sparkle";
		};
		2A36F0492C931B7A00C0F3C4 /* Debug-Sparkle */ = {
			isa = XCBuildConfiguration;
			baseConfigurationReferenceAnchor = 2A1AFDC32C92990300BF2C32 /* Configurations */;
			baseConfigurationReferenceRelativePath = Tests.xcconfig;
			buildSettings = {
				BUNDLE_LOADER = "$(TEST_HOST)";
				GENERATE_INFOPLIST_FILE = YES;
				PRODUCT_BUNDLE_IDENTIFIER = com.coteditor.CotEditorTests;
				PRODUCT_NAME = "$(TARGET_NAME)";
				TEST_HOST = "$(BUILT_PRODUCTS_DIR)/CotEditor.app/$(BUNDLE_EXECUTABLE_FOLDER_PATH)/CotEditor";
			};
			name = "Debug-Sparkle";
		};
		2A36F04A2C931B7A00C0F3C4 /* Debug-Sparkle */ = {
			isa = XCBuildConfiguration;
			baseConfigurationReferenceAnchor = 2A1AFDC32C92990300BF2C32 /* Configurations */;
			baseConfigurationReferenceRelativePath = "UI-Tests.xcconfig";
			buildSettings = {
				GENERATE_INFOPLIST_FILE = YES;
				PRODUCT_BUNDLE_IDENTIFIER = com.wolfrosch.CotEditorUITests;
				PRODUCT_NAME = "$(TARGET_NAME)";
				TEST_TARGET_NAME = CotEditor;
			};
			name = "Debug-Sparkle";
		};
		2A36F04B2C931B7A00C0F3C4 /* Debug-Sparkle */ = {
			isa = XCBuildConfiguration;
			buildSettings = {
				ENABLE_USER_SCRIPT_SANDBOXING = NO;
				PRODUCT_NAME = "Update Help Index";
			};
			name = "Debug-Sparkle";
		};
		2A36F04C2C931B9600C0F3C4 /* Release-Sparkle */ = {
			isa = XCBuildConfiguration;
			buildSettings = {
				ASSETCATALOG_COMPILER_GENERATE_SWIFT_ASSET_SYMBOL_EXTENSIONS = YES;
				CLANG_ANALYZER_LOCALIZABILITY_NONLOCALIZED = YES;
				CLANG_ENABLE_MODULES = YES;
				CLANG_ENABLE_OBJC_ARC = YES;
				CLANG_ENABLE_OBJC_WEAK = YES;
				CLANG_WARN_BLOCK_CAPTURE_AUTORELEASING = YES;
				CLANG_WARN_BOOL_CONVERSION = YES;
				CLANG_WARN_COMMA = YES;
				CLANG_WARN_CONSTANT_CONVERSION = YES;
				CLANG_WARN_DEPRECATED_OBJC_IMPLEMENTATIONS = YES;
				CLANG_WARN_DOCUMENTATION_COMMENTS = YES;
				CLANG_WARN_EMPTY_BODY = YES;
				CLANG_WARN_ENUM_CONVERSION = YES;
				CLANG_WARN_INFINITE_RECURSION = YES;
				CLANG_WARN_INT_CONVERSION = YES;
				CLANG_WARN_NON_LITERAL_NULL_CONVERSION = YES;
				CLANG_WARN_OBJC_IMPLICIT_RETAIN_SELF = YES;
				CLANG_WARN_OBJC_LITERAL_CONVERSION = YES;
				CLANG_WARN_QUOTED_INCLUDE_IN_FRAMEWORK_HEADER = YES;
				CLANG_WARN_RANGE_LOOP_ANALYSIS = YES;
				CLANG_WARN_STRICT_PROTOTYPES = YES;
				CLANG_WARN_SUSPICIOUS_MOVE = YES;
				CLANG_WARN_UNGUARDED_AVAILABILITY = YES_AGGRESSIVE;
				CLANG_WARN_UNREACHABLE_CODE = YES;
				CLANG_WARN__DUPLICATE_METHOD_MATCH = YES;
				COPY_PHASE_STRIP = NO;
				DEAD_CODE_STRIPPING = YES;
				DEBUG_INFORMATION_FORMAT = "dwarf-with-dsym";
				ENABLE_NS_ASSERTIONS = NO;
				ENABLE_STRICT_OBJC_MSGSEND = YES;
				ENABLE_USER_SCRIPT_SANDBOXING = YES;
				GCC_C_LANGUAGE_STANDARD = gnu17;
				GCC_NO_COMMON_BLOCKS = YES;
				GCC_WARN_64_TO_32_BIT_CONVERSION = YES;
				GCC_WARN_ABOUT_MISSING_NEWLINE = YES;
				GCC_WARN_ABOUT_RETURN_TYPE = YES_ERROR;
				GCC_WARN_UNDECLARED_SELECTOR = YES;
				GCC_WARN_UNINITIALIZED_AUTOS = YES_AGGRESSIVE;
				GCC_WARN_UNUSED_FUNCTION = YES;
				GCC_WARN_UNUSED_LABEL = YES;
				GCC_WARN_UNUSED_PARAMETER = YES;
				GCC_WARN_UNUSED_VARIABLE = YES;
				LD_RUNPATH_SEARCH_PATHS = (
					"$(inherited)",
					"@executable_path/../Frameworks",
				);
				LOCALIZATION_PREFERS_STRING_CATALOGS = YES;
				MACOSX_DEPLOYMENT_TARGET = 14.0;
				MTL_ENABLE_DEBUG_INFO = NO;
				MTL_FAST_MATH = YES;
				SDKROOT = macosx;
				SWIFT_COMPILATION_MODE = wholemodule;
				SWIFT_EMIT_LOC_STRINGS = YES;
				SWIFT_UPCOMING_FEATURE_EXISTENTIAL_ANY = YES;
				SWIFT_VERSION = 6.0;
			};
			name = "Release-Sparkle";
		};
		2A36F04D2C931B9600C0F3C4 /* Release-Sparkle */ = {
			isa = XCBuildConfiguration;
			baseConfigurationReferenceAnchor = 2A1AFDC32C92990300BF2C32 /* Configurations */;
			baseConfigurationReferenceRelativePath = "CotEditor-Sparkle.xcconfig";
			buildSettings = {
				ASSETCATALOG_COMPILER_APPICON_NAME = AppIcon;
				ASSETCATALOG_COMPILER_GLOBAL_ACCENT_COLOR_NAME = "Accent Color";
				CURRENT_PROJECT_VERSION = 689;
				ENABLE_HARDENED_RUNTIME = YES;
				ENABLE_USER_SCRIPT_SANDBOXING = NO;
				INFOPLIST_FILE = CotEditor/Info.plist;
				INFOPLIST_KEY_LSApplicationCategoryType = "public.app-category.productivity";
				MARKETING_VERSION = "5.0.7-alpha";
				PRODUCT_BUNDLE_IDENTIFIER = com.coteditor.CotEditor;
				PRODUCT_NAME = CotEditor;
				SWIFT_STRICT_CONCURRENCY = complete;
				SWIFT_UPCOMING_FEATURE_CONCISE_MAGIC_FILE = YES;
				SWIFT_UPCOMING_FEATURE_DEPRECATE_APPLICATION_MAIN = YES;
				SWIFT_UPCOMING_FEATURE_DISABLE_OUTWARD_ACTOR_ISOLATION = YES;
				SWIFT_UPCOMING_FEATURE_FORWARD_TRAILING_CLOSURES = YES;
				SWIFT_UPCOMING_FEATURE_GLOBAL_CONCURRENCY = YES;
				SWIFT_UPCOMING_FEATURE_IMPLICIT_OPEN_EXISTENTIALS = YES;
				SWIFT_UPCOMING_FEATURE_IMPORT_OBJC_FORWARD_DECLS = YES;
				SWIFT_UPCOMING_FEATURE_INFER_SENDABLE_FROM_CAPTURES = YES;
				SWIFT_UPCOMING_FEATURE_ISOLATED_DEFAULT_VALUES = YES;
				SWIFT_UPCOMING_FEATURE_REGION_BASED_ISOLATION = YES;
				SWIFT_VERSION = 5.0;
			};
			name = "Release-Sparkle";
		};
		2A36F04F2C931B9600C0F3C4 /* Release-Sparkle */ = {
			isa = XCBuildConfiguration;
			baseConfigurationReferenceAnchor = 2A1AFDC32C92990300BF2C32 /* Configurations */;
			baseConfigurationReferenceRelativePath = Tests.xcconfig;
			buildSettings = {
				BUNDLE_LOADER = "$(TEST_HOST)";
				GENERATE_INFOPLIST_FILE = YES;
				PRODUCT_BUNDLE_IDENTIFIER = com.coteditor.CotEditorTests;
				PRODUCT_NAME = "$(TARGET_NAME)";
				TEST_HOST = "$(BUILT_PRODUCTS_DIR)/CotEditor.app/$(BUNDLE_EXECUTABLE_FOLDER_PATH)/CotEditor";
			};
			name = "Release-Sparkle";
		};
		2A36F0502C931B9600C0F3C4 /* Release-Sparkle */ = {
			isa = XCBuildConfiguration;
			baseConfigurationReferenceAnchor = 2A1AFDC32C92990300BF2C32 /* Configurations */;
			baseConfigurationReferenceRelativePath = "UI-Tests.xcconfig";
			buildSettings = {
				GENERATE_INFOPLIST_FILE = YES;
				PRODUCT_BUNDLE_IDENTIFIER = com.wolfrosch.CotEditorUITests;
				PRODUCT_NAME = "$(TARGET_NAME)";
				TEST_TARGET_NAME = CotEditor;
			};
			name = "Release-Sparkle";
		};
		2A36F0512C931B9600C0F3C4 /* Release-Sparkle */ = {
			isa = XCBuildConfiguration;
			buildSettings = {
				ENABLE_USER_SCRIPT_SANDBOXING = NO;
				PRODUCT_NAME = "Update Help Index";
			};
			name = "Release-Sparkle";
		};
		2A3E847E1D07296200070A54 /* Debug */ = {
			isa = XCBuildConfiguration;
			buildSettings = {
				ENABLE_USER_SCRIPT_SANDBOXING = NO;
				PRODUCT_NAME = "Update Help Index";
			};
			name = Debug;
		};
		2A3E847F1D07296200070A54 /* Release */ = {
			isa = XCBuildConfiguration;
			buildSettings = {
				ENABLE_USER_SCRIPT_SANDBOXING = NO;
				PRODUCT_NAME = "Update Help Index";
			};
			name = Release;
		};
		2A3F18FF203270BE002F1CA7 /* Debug */ = {
			isa = XCBuildConfiguration;
			baseConfigurationReferenceAnchor = 2A1AFDC32C92990300BF2C32 /* Configurations */;
			baseConfigurationReferenceRelativePath = "UI-Tests.xcconfig";
			buildSettings = {
				GENERATE_INFOPLIST_FILE = YES;
				PRODUCT_BUNDLE_IDENTIFIER = com.wolfrosch.CotEditorUITests;
				PRODUCT_NAME = "$(TARGET_NAME)";
				TEST_TARGET_NAME = CotEditor;
			};
			name = Debug;
		};
		2A3F1900203270BE002F1CA7 /* Release */ = {
			isa = XCBuildConfiguration;
			baseConfigurationReferenceAnchor = 2A1AFDC32C92990300BF2C32 /* Configurations */;
			baseConfigurationReferenceRelativePath = "UI-Tests.xcconfig";
			buildSettings = {
				GENERATE_INFOPLIST_FILE = YES;
				PRODUCT_BUNDLE_IDENTIFIER = com.wolfrosch.CotEditorUITests;
				PRODUCT_NAME = "$(TARGET_NAME)";
				TEST_TARGET_NAME = CotEditor;
			};
			name = Release;
		};
		2A6F0E051B5500E100C2D03C /* Debug */ = {
			isa = XCBuildConfiguration;
			baseConfigurationReferenceAnchor = 2A1AFDC32C92990300BF2C32 /* Configurations */;
			baseConfigurationReferenceRelativePath = CotEditor.xcconfig;
			buildSettings = {
				ASSETCATALOG_COMPILER_APPICON_NAME = AppIcon;
				ASSETCATALOG_COMPILER_GLOBAL_ACCENT_COLOR_NAME = "Accent Color";
				CURRENT_PROJECT_VERSION = 689;
				ENABLE_HARDENED_RUNTIME = YES;
				ENABLE_USER_SCRIPT_SANDBOXING = NO;
				INFOPLIST_FILE = CotEditor/Info.plist;
				INFOPLIST_KEY_LSApplicationCategoryType = "public.app-category.productivity";
				MARKETING_VERSION = "5.0.7-alpha";
				PRODUCT_BUNDLE_IDENTIFIER = com.coteditor.CotEditor;
				PRODUCT_NAME = CotEditor;
				SWIFT_STRICT_CONCURRENCY = complete;
				SWIFT_UPCOMING_FEATURE_CONCISE_MAGIC_FILE = YES;
				SWIFT_UPCOMING_FEATURE_DEPRECATE_APPLICATION_MAIN = YES;
				SWIFT_UPCOMING_FEATURE_DISABLE_OUTWARD_ACTOR_ISOLATION = YES;
				SWIFT_UPCOMING_FEATURE_FORWARD_TRAILING_CLOSURES = YES;
				SWIFT_UPCOMING_FEATURE_GLOBAL_CONCURRENCY = YES;
				SWIFT_UPCOMING_FEATURE_IMPLICIT_OPEN_EXISTENTIALS = YES;
				SWIFT_UPCOMING_FEATURE_IMPORT_OBJC_FORWARD_DECLS = YES;
				SWIFT_UPCOMING_FEATURE_INFER_SENDABLE_FROM_CAPTURES = YES;
				SWIFT_UPCOMING_FEATURE_ISOLATED_DEFAULT_VALUES = YES;
				SWIFT_UPCOMING_FEATURE_REGION_BASED_ISOLATION = YES;
				SWIFT_VERSION = 5.0;
			};
			name = Debug;
		};
		2A6F0E061B5500E100C2D03C /* Release */ = {
			isa = XCBuildConfiguration;
			baseConfigurationReferenceAnchor = 2A1AFDC32C92990300BF2C32 /* Configurations */;
			baseConfigurationReferenceRelativePath = CotEditor.xcconfig;
			buildSettings = {
				ASSETCATALOG_COMPILER_APPICON_NAME = AppIcon;
				ASSETCATALOG_COMPILER_GLOBAL_ACCENT_COLOR_NAME = "Accent Color";
				CURRENT_PROJECT_VERSION = 689;
				ENABLE_HARDENED_RUNTIME = YES;
				ENABLE_USER_SCRIPT_SANDBOXING = NO;
				INFOPLIST_FILE = CotEditor/Info.plist;
				INFOPLIST_KEY_LSApplicationCategoryType = "public.app-category.productivity";
				MARKETING_VERSION = "5.0.7-alpha";
				PRODUCT_BUNDLE_IDENTIFIER = com.coteditor.CotEditor;
				PRODUCT_NAME = CotEditor;
				SWIFT_STRICT_CONCURRENCY = complete;
				SWIFT_UPCOMING_FEATURE_CONCISE_MAGIC_FILE = YES;
				SWIFT_UPCOMING_FEATURE_DEPRECATE_APPLICATION_MAIN = YES;
				SWIFT_UPCOMING_FEATURE_DISABLE_OUTWARD_ACTOR_ISOLATION = YES;
				SWIFT_UPCOMING_FEATURE_FORWARD_TRAILING_CLOSURES = YES;
				SWIFT_UPCOMING_FEATURE_GLOBAL_CONCURRENCY = YES;
				SWIFT_UPCOMING_FEATURE_IMPLICIT_OPEN_EXISTENTIALS = YES;
				SWIFT_UPCOMING_FEATURE_IMPORT_OBJC_FORWARD_DECLS = YES;
				SWIFT_UPCOMING_FEATURE_INFER_SENDABLE_FROM_CAPTURES = YES;
				SWIFT_UPCOMING_FEATURE_ISOLATED_DEFAULT_VALUES = YES;
				SWIFT_UPCOMING_FEATURE_REGION_BASED_ISOLATION = YES;
				SWIFT_VERSION = 5.0;
			};
			name = Release;
		};
		2AC71DE61BF0BDBC002E1434 /* Debug */ = {
			isa = XCBuildConfiguration;
			baseConfigurationReferenceAnchor = 2A1AFDC32C92990300BF2C32 /* Configurations */;
			baseConfigurationReferenceRelativePath = Tests.xcconfig;
			buildSettings = {
				BUNDLE_LOADER = "$(TEST_HOST)";
				GENERATE_INFOPLIST_FILE = YES;
				PRODUCT_BUNDLE_IDENTIFIER = com.coteditor.CotEditorTests;
				PRODUCT_NAME = "$(TARGET_NAME)";
				TEST_HOST = "$(BUILT_PRODUCTS_DIR)/CotEditor.app/$(BUNDLE_EXECUTABLE_FOLDER_PATH)/CotEditor";
			};
			name = Debug;
		};
		2AC71DE71BF0BDBC002E1434 /* Release */ = {
			isa = XCBuildConfiguration;
			baseConfigurationReferenceAnchor = 2A1AFDC32C92990300BF2C32 /* Configurations */;
			baseConfigurationReferenceRelativePath = Tests.xcconfig;
			buildSettings = {
				BUNDLE_LOADER = "$(TEST_HOST)";
				GENERATE_INFOPLIST_FILE = YES;
				PRODUCT_BUNDLE_IDENTIFIER = com.coteditor.CotEditorTests;
				PRODUCT_NAME = "$(TARGET_NAME)";
				TEST_HOST = "$(BUILT_PRODUCTS_DIR)/CotEditor.app/$(BUNDLE_EXECUTABLE_FOLDER_PATH)/CotEditor";
			};
			name = Release;
		};
		8C71D95808640EDF00C9C0BD /* Debug */ = {
			isa = XCBuildConfiguration;
			buildSettings = {
				ALWAYS_SEARCH_USER_PATHS = NO;
				ASSETCATALOG_COMPILER_GENERATE_SWIFT_ASSET_SYMBOL_EXTENSIONS = YES;
				CLANG_ANALYZER_LOCALIZABILITY_NONLOCALIZED = YES;
				CLANG_ENABLE_MODULES = YES;
				CLANG_ENABLE_OBJC_ARC = YES;
				CLANG_ENABLE_OBJC_WEAK = YES;
				CLANG_WARN_BLOCK_CAPTURE_AUTORELEASING = YES;
				CLANG_WARN_BOOL_CONVERSION = YES;
				CLANG_WARN_COMMA = YES;
				CLANG_WARN_CONSTANT_CONVERSION = YES;
				CLANG_WARN_DEPRECATED_OBJC_IMPLEMENTATIONS = YES;
				CLANG_WARN_DOCUMENTATION_COMMENTS = YES;
				CLANG_WARN_EMPTY_BODY = YES;
				CLANG_WARN_ENUM_CONVERSION = YES;
				CLANG_WARN_INFINITE_RECURSION = YES;
				CLANG_WARN_INT_CONVERSION = YES;
				CLANG_WARN_NON_LITERAL_NULL_CONVERSION = YES;
				CLANG_WARN_OBJC_IMPLICIT_RETAIN_SELF = YES;
				CLANG_WARN_OBJC_LITERAL_CONVERSION = YES;
				CLANG_WARN_QUOTED_INCLUDE_IN_FRAMEWORK_HEADER = YES;
				CLANG_WARN_RANGE_LOOP_ANALYSIS = YES;
				CLANG_WARN_STRICT_PROTOTYPES = YES;
				CLANG_WARN_SUSPICIOUS_MOVE = YES;
				CLANG_WARN_UNGUARDED_AVAILABILITY = YES_AGGRESSIVE;
				CLANG_WARN_UNREACHABLE_CODE = YES;
				CLANG_WARN__DUPLICATE_METHOD_MATCH = YES;
				COPY_PHASE_STRIP = NO;
				DEAD_CODE_STRIPPING = YES;
				DEBUG_INFORMATION_FORMAT = dwarf;
				ENABLE_STRICT_OBJC_MSGSEND = YES;
				ENABLE_TESTABILITY = YES;
				ENABLE_USER_SCRIPT_SANDBOXING = YES;
				GCC_C_LANGUAGE_STANDARD = gnu17;
				GCC_NO_COMMON_BLOCKS = YES;
				GCC_OPTIMIZATION_LEVEL = 0;
				GCC_WARN_64_TO_32_BIT_CONVERSION = YES;
				GCC_WARN_ABOUT_MISSING_NEWLINE = YES;
				GCC_WARN_ABOUT_RETURN_TYPE = YES_ERROR;
				GCC_WARN_UNDECLARED_SELECTOR = YES;
				GCC_WARN_UNINITIALIZED_AUTOS = YES_AGGRESSIVE;
				GCC_WARN_UNUSED_FUNCTION = YES;
				GCC_WARN_UNUSED_LABEL = YES;
				GCC_WARN_UNUSED_PARAMETER = YES;
				GCC_WARN_UNUSED_VARIABLE = YES;
				LD_RUNPATH_SEARCH_PATHS = (
					"$(inherited)",
					"@executable_path/../Frameworks",
				);
				LOCALIZATION_PREFERS_STRING_CATALOGS = YES;
				MACOSX_DEPLOYMENT_TARGET = 14.0;
				MTL_ENABLE_DEBUG_INFO = INCLUDE_SOURCE;
				MTL_FAST_MATH = YES;
				ONLY_ACTIVE_ARCH = YES;
				SDKROOT = macosx;
				SWIFT_ACTIVE_COMPILATION_CONDITIONS = DEBUG;
				SWIFT_EMIT_LOC_STRINGS = YES;
				SWIFT_OPTIMIZATION_LEVEL = "-Onone";
				SWIFT_UPCOMING_FEATURE_EXISTENTIAL_ANY = YES;
				SWIFT_VERSION = 6.0;
			};
			name = Debug;
		};
		8C71D95908640EDF00C9C0BD /* Release */ = {
			isa = XCBuildConfiguration;
			buildSettings = {
				ALWAYS_SEARCH_USER_PATHS = NO;
				ASSETCATALOG_COMPILER_GENERATE_SWIFT_ASSET_SYMBOL_EXTENSIONS = YES;
				CLANG_ANALYZER_LOCALIZABILITY_NONLOCALIZED = YES;
				CLANG_ENABLE_MODULES = YES;
				CLANG_ENABLE_OBJC_ARC = YES;
				CLANG_ENABLE_OBJC_WEAK = YES;
				CLANG_WARN_BLOCK_CAPTURE_AUTORELEASING = YES;
				CLANG_WARN_BOOL_CONVERSION = YES;
				CLANG_WARN_COMMA = YES;
				CLANG_WARN_CONSTANT_CONVERSION = YES;
				CLANG_WARN_DEPRECATED_OBJC_IMPLEMENTATIONS = YES;
				CLANG_WARN_DOCUMENTATION_COMMENTS = YES;
				CLANG_WARN_EMPTY_BODY = YES;
				CLANG_WARN_ENUM_CONVERSION = YES;
				CLANG_WARN_INFINITE_RECURSION = YES;
				CLANG_WARN_INT_CONVERSION = YES;
				CLANG_WARN_NON_LITERAL_NULL_CONVERSION = YES;
				CLANG_WARN_OBJC_IMPLICIT_RETAIN_SELF = YES;
				CLANG_WARN_OBJC_LITERAL_CONVERSION = YES;
				CLANG_WARN_QUOTED_INCLUDE_IN_FRAMEWORK_HEADER = YES;
				CLANG_WARN_RANGE_LOOP_ANALYSIS = YES;
				CLANG_WARN_STRICT_PROTOTYPES = YES;
				CLANG_WARN_SUSPICIOUS_MOVE = YES;
				CLANG_WARN_UNGUARDED_AVAILABILITY = YES_AGGRESSIVE;
				CLANG_WARN_UNREACHABLE_CODE = YES;
				CLANG_WARN__DUPLICATE_METHOD_MATCH = YES;
				COPY_PHASE_STRIP = NO;
				DEAD_CODE_STRIPPING = YES;
				DEBUG_INFORMATION_FORMAT = "dwarf-with-dsym";
				ENABLE_NS_ASSERTIONS = NO;
				ENABLE_STRICT_OBJC_MSGSEND = YES;
				ENABLE_USER_SCRIPT_SANDBOXING = YES;
				GCC_C_LANGUAGE_STANDARD = gnu17;
				GCC_NO_COMMON_BLOCKS = YES;
				GCC_WARN_64_TO_32_BIT_CONVERSION = YES;
				GCC_WARN_ABOUT_MISSING_NEWLINE = YES;
				GCC_WARN_ABOUT_RETURN_TYPE = YES_ERROR;
				GCC_WARN_UNDECLARED_SELECTOR = YES;
				GCC_WARN_UNINITIALIZED_AUTOS = YES_AGGRESSIVE;
				GCC_WARN_UNUSED_FUNCTION = YES;
				GCC_WARN_UNUSED_LABEL = YES;
				GCC_WARN_UNUSED_PARAMETER = YES;
				GCC_WARN_UNUSED_VARIABLE = YES;
				LD_RUNPATH_SEARCH_PATHS = (
					"$(inherited)",
					"@executable_path/../Frameworks",
				);
				LOCALIZATION_PREFERS_STRING_CATALOGS = YES;
				MACOSX_DEPLOYMENT_TARGET = 14.0;
				MTL_ENABLE_DEBUG_INFO = NO;
				MTL_FAST_MATH = YES;
				SDKROOT = macosx;
				SWIFT_COMPILATION_MODE = wholemodule;
				SWIFT_EMIT_LOC_STRINGS = YES;
				SWIFT_UPCOMING_FEATURE_EXISTENTIAL_ANY = YES;
				SWIFT_VERSION = 6.0;
			};
			name = Release;
		};
/* End XCBuildConfiguration section */

/* Begin XCConfigurationList section */
		2A3E84801D07296200070A54 /* Build configuration list for PBXAggregateTarget "Update Help Index" */ = {
			isa = XCConfigurationList;
			buildConfigurations = (
				2A3E847E1D07296200070A54 /* Debug */,
				2A36F04B2C931B7A00C0F3C4 /* Debug-Sparkle */,
				2A3E847F1D07296200070A54 /* Release */,
				2A36F0512C931B9600C0F3C4 /* Release-Sparkle */,
			);
			defaultConfigurationIsVisible = 0;
			defaultConfigurationName = Release;
		};
		2A3F18FE203270BE002F1CA7 /* Build configuration list for PBXNativeTarget "UI Tests" */ = {
			isa = XCConfigurationList;
			buildConfigurations = (
				2A3F18FF203270BE002F1CA7 /* Debug */,
				2A36F04A2C931B7A00C0F3C4 /* Debug-Sparkle */,
				2A3F1900203270BE002F1CA7 /* Release */,
				2A36F0502C931B9600C0F3C4 /* Release-Sparkle */,
			);
			defaultConfigurationIsVisible = 0;
			defaultConfigurationName = Release;
		};
		2A6F0E041B5500E100C2D03C /* Build configuration list for PBXNativeTarget "CotEditor" */ = {
			isa = XCConfigurationList;
			buildConfigurations = (
				2A6F0E051B5500E100C2D03C /* Debug */,
				2A36F0472C931B7A00C0F3C4 /* Debug-Sparkle */,
				2A6F0E061B5500E100C2D03C /* Release */,
				2A36F04D2C931B9600C0F3C4 /* Release-Sparkle */,
			);
			defaultConfigurationIsVisible = 0;
			defaultConfigurationName = Release;
		};
		2AC71DE81BF0BDBC002E1434 /* Build configuration list for PBXNativeTarget "Tests" */ = {
			isa = XCConfigurationList;
			buildConfigurations = (
				2AC71DE61BF0BDBC002E1434 /* Debug */,
				2A36F0492C931B7A00C0F3C4 /* Debug-Sparkle */,
				2AC71DE71BF0BDBC002E1434 /* Release */,
				2A36F04F2C931B9600C0F3C4 /* Release-Sparkle */,
			);
			defaultConfigurationIsVisible = 0;
			defaultConfigurationName = Release;
		};
		8C71D95708640EDF00C9C0BD /* Build configuration list for PBXProject "CotEditor" */ = {
			isa = XCConfigurationList;
			buildConfigurations = (
				8C71D95808640EDF00C9C0BD /* Debug */,
				2A36F0462C931B7A00C0F3C4 /* Debug-Sparkle */,
				8C71D95908640EDF00C9C0BD /* Release */,
				2A36F04C2C931B9600C0F3C4 /* Release-Sparkle */,
			);
			defaultConfigurationIsVisible = 0;
			defaultConfigurationName = Release;
		};
/* End XCConfigurationList section */

/* Begin XCRemoteSwiftPackageReference section */
		2AA2C6FA24399A920017D1EC /* XCRemoteSwiftPackageReference "Yams" */ = {
			isa = XCRemoteSwiftPackageReference;
			repositoryURL = "https://github.com/jpsim/Yams";
			requirement = {
				kind = upToNextMajorVersion;
				minimumVersion = 5.1.0;
			};
		};
		2AAAE6E326DB82F800C5F0AC /* XCRemoteSwiftPackageReference "Sparkle" */ = {
			isa = XCRemoteSwiftPackageReference;
			repositoryURL = "https://github.com/sparkle-project/Sparkle";
			requirement = {
				kind = upToNextMajorVersion;
				minimumVersion = 2.6.0;
			};
		};
		2AB756AF2C25BBA4005E04C3 /* XCRemoteSwiftPackageReference "SwiftLintPlugins" */ = {
			isa = XCRemoteSwiftPackageReference;
			repositoryURL = "https://github.com/SimplyDanny/SwiftLintPlugins";
			requirement = {
				kind = upToNextMajorVersion;
				minimumVersion = 0.57.0;
			};
		};
		2ABB27CC2C3824DE00AFCD0B /* XCRemoteSwiftPackageReference "swift-numerics" */ = {
			isa = XCRemoteSwiftPackageReference;
			repositoryURL = "https://github.com/apple/swift-numerics.git";
			requirement = {
				kind = upToNextMajorVersion;
				minimumVersion = 1.0.2;
			};
		};
		2ACD02BB22A87CED00893051 /* XCRemoteSwiftPackageReference "WFColorCode" */ = {
			isa = XCRemoteSwiftPackageReference;
			repositoryURL = "https://github.com/1024jp/WFColorCode";
			requirement = {
				kind = upToNextMajorVersion;
				minimumVersion = 3.0.0;
			};
		};
/* End XCRemoteSwiftPackageReference section */

/* Begin XCSwiftPackageProductDependency section */
		2A1380082C22E9B500093BF3 /* EditorCore */ = {
			isa = XCSwiftPackageProductDependency;
			productName = EditorCore;
		};
		2A53326226799B08000DE73D /* SyntaxMapBuilder */ = {
			isa = XCSwiftPackageProductDependency;
			productName = SyntaxMapBuilder;
		};
		2AA2C6FB24399A920017D1EC /* Yams */ = {
			isa = XCSwiftPackageProductDependency;
			package = 2AA2C6FA24399A920017D1EC /* XCRemoteSwiftPackageReference "Yams" */;
			productName = Yams;
		};
		2AB756B02C25BBB9005E04C3 /* SwiftLintBuildToolPlugin */ = {
			isa = XCSwiftPackageProductDependency;
			package = 2AB756AF2C25BBA4005E04C3 /* XCRemoteSwiftPackageReference "SwiftLintPlugins" */;
			productName = "plugin:SwiftLintBuildToolPlugin";
		};
		2AB756B42C25BC18005E04C3 /* SwiftLintBuildToolPlugin */ = {
			isa = XCSwiftPackageProductDependency;
			package = 2AB756AF2C25BBA4005E04C3 /* XCRemoteSwiftPackageReference "SwiftLintPlugins" */;
			productName = "plugin:SwiftLintBuildToolPlugin";
		};
		2ABB27CA2C3823AB00AFCD0B /* SwiftLintBuildToolPlugin */ = {
			isa = XCSwiftPackageProductDependency;
			package = 2AB756AF2C25BBA4005E04C3 /* XCRemoteSwiftPackageReference "SwiftLintPlugins" */;
			productName = "plugin:SwiftLintBuildToolPlugin";
		};
		2ABB27CD2C3824DE00AFCD0B /* Numerics */ = {
			isa = XCSwiftPackageProductDependency;
			package = 2ABB27CC2C3824DE00AFCD0B /* XCRemoteSwiftPackageReference "swift-numerics" */;
			productName = Numerics;
		};
		2ABB27D52C382AD400AFCD0B /* MacUI */ = {
			isa = XCSwiftPackageProductDependency;
			productName = MacUI;
		};
		2AC25E372C9321AC000EE905 /* MacUI */ = {
			isa = XCSwiftPackageProductDependency;
			productName = MacUI;
		};
		2AC25E392C9321BD000EE905 /* EditorCore */ = {
			isa = XCSwiftPackageProductDependency;
			productName = EditorCore;
		};
		2ACAAC1B2B85E74C0041B095 /* SyntaxMap */ = {
			isa = XCSwiftPackageProductDependency;
			productName = SyntaxMap;
		};
		2ACD02BE22A87F0400893051 /* ColorCode */ = {
			isa = XCSwiftPackageProductDependency;
			package = 2ACD02BB22A87CED00893051 /* XCRemoteSwiftPackageReference "WFColorCode" */;
			productName = ColorCode;
		};
		2AE863CE2CA2E3BE00D47837 /* Sparkle */ = {
			isa = XCSwiftPackageProductDependency;
			package = 2AAAE6E326DB82F800C5F0AC /* XCRemoteSwiftPackageReference "Sparkle" */;
			productName = Sparkle;
		};
/* End XCSwiftPackageProductDependency section */
	};
	rootObject = 2A37F4A9FDCFA73011CA2CEA /* Project object */;
}
