{
  "pins" : [
    {
      "identity" : "sparkle",
      "kind" : "remoteSourceControl",
      "location" : "https://github.com/sparkle-project/Sparkle",
      "state" : {
        "revision" : "9d85a02fe7916caa7531847452c4933d331503a5",
        "version" : "2.3.1"
      }
    },
    {
      "identity" : "swift-argument-parser",
      "kind" : "remoteSourceControl",
      "location" : "https://github.com/apple/swift-argument-parser",
      "state" : {
        "revision" : "fddd1c00396eed152c45a46bea9f47b98e59301d",
        "version" : "1.2.0"
      }
    },
    {
      "identity" : "wfcolorcode",
      "kind" : "remoteSourceControl",
      "location" : "https://github.com/1024jp/WFColorCode",
      "state" : {
        "revision" : "3c07d83502ef95843966423427c2a60d3dd52c04",
        "version" : "2.9.0"
      }
    },
    {
      "identity" : "yams",
      "kind" : "remoteSourceControl",
      "location" : "https://github.com/jpsim/Yams",
      "state" : {
        "revision" : "c7facc5ccb8c5a4577ea8c491aa875762cdee57a",
        "version" : "5.0.3"
      }
    }
  ],
  "version" : 2
}
