{
  "object": {
    "pins": [
      {
        "package": "Sparkle",
        "repositoryURL": "https://github.com/sparkle-project/Sparkle",
        "state": {
          "branch": null,
          "revision": "059ce9128775d5a636c7f4716f71a58919d3111e",
          "version": "2.2.1"
        }
      },
      {
        "package": "ColorCode",
        "repositoryURL": "https://github.com/1024jp/WFColorCode",
        "state": {
          "branch": null,
          "revision": "6a0710b8c05affc85cdc206eab6a5e135f49502a",
          "version": "2.8.0"
        }
      },
      {
        "package": "Yams",
        "repositoryURL": "https://github.com/jpsim/Yams",
        "state": {
          "branch": null,
          "revision": "01835dc202670b5bb90d07f3eae41867e9ed29f6",
          "version": "5.0.1"
        }
      }
    ]
  },
  "version": 1
}
